{
    "_readme": [
        "This file locks the dependencies of your project to a known state",
        "Read more about it at https://getcomposer.org/doc/01-basic-usage.md#installing-dependencies",
        "This file is @generated automatically"
    ],
    "content-hash": "60ece112cd9791d4d042b24e84331a38",
    "packages": [
        {
            "name": "dubya/foundation",
            "version": "dev-next",
            "source": {
                "type": "git",
                "url": "https://github.com/dubyaio/foundation.git",
                "reference": "502531008e0f1e90d0f7fee0a45b6add87ad8480"
            },
            "dist": {
                "type": "zip",
                "url": "https://api.github.com/repos/dubyaio/foundation/zipball/502531008e0f1e90d0f7fee0a45b6add87ad8480",
                "reference": "502531008e0f1e90d0f7fee0a45b6add87ad8480",
                "shasum": ""
            },
            "require": {
                "ext-json": "*",
                "ext-pcre": "*",
                "php": ">=7.4.0 || ^8.0 || ^8.1 || ^8.2"
            },
            "type": "library",
            "license": [
                "MIT"
            ],
            "authors": [
                {
                    "name": "Clay Loveless",
                    "homepage": "https://github.com/claylo"
                }
            ],
            "description": "Missing pieces for modern WordPress development.",
            "homepage": "https://dubya.io/",
            "keywords": [
                "actions",
                "dubya",
                "filters",
                "wordpress"
            ],
            "support": {
                "source": "https://github.com/dubyaio/foundation/tree/next",
                "issues": "https://github.com/dubyaio/foundation/issues"
            },
            "time": "2023-04-07T04:38:52+00:00"
        }
    ],
    "packages-dev": [],
    "aliases": [],
    "minimum-stability": "stable",
    "stability-flags": {
        "dubya/foundation": 20
    },
    "prefer-stable": false,
    "prefer-lowest": false,
    "platform": [],
    "platform-dev": [],
    "plugin-api-version": "2.3.0"
}
